
Microsoft Visual Studio Solution File, Format Version 12.00
# Visual Studio Version 17
VisualStudioVersion = 17.8.34330.188
MinimumVisualStudioVersion = 10.0.40219.1
Project("{FAE04EC0-301F-11D3-BF4B-00C04F79EFBC}") = "WindowsFormsLinphoneV", "WindowsFormsLinphoneV\WindowsFormsLinphoneV.csproj", "{2E41B3E0-B2FE-44C4-A6A7-22062421F433}"
EndProject
Project("{FAE04EC0-301F-11D3-BF4B-00C04F79EFBC}") = "LinPhoneSDK", "LinPhoneSDK\LinPhoneSDK.csproj", "{65E87E80-8552-448C-87FF-1D631E08AE7B}"
EndProject
Global
	GlobalSection(SolutionConfigurationPlatforms) = preSolution
		Debug|Any CPU = Debug|Any CPU
		Debug|x64 = Debug|x64
		Debug|x86 = Debug|x86
		Release|Any CPU = Release|Any CPU
		Release|x64 = Release|x64
		Release|x86 = Release|x86
	EndGlobalSection
	GlobalSection(ProjectConfigurationPlatforms) = postSolution
		{2E41B3E0-B2FE-44C4-A6A7-22062421F433}.Debug|Any CPU.ActiveCfg = Debug|Any CPU
		{2E41B3E0-B2FE-44C4-A6A7-22062421F433}.Debug|Any CPU.Build.0 = Debug|Any CPU
		{2E41B3E0-B2FE-44C4-A6A7-22062421F433}.Debug|x64.ActiveCfg = Debug|x64
		{2E41B3E0-B2FE-44C4-A6A7-22062421F433}.Debug|x64.Build.0 = Debug|x64
		{2E41B3E0-B2FE-44C4-A6A7-22062421F433}.Debug|x86.ActiveCfg = Debug|x86
		{2E41B3E0-B2FE-44C4-A6A7-22062421F433}.Debug|x86.Build.0 = Debug|x86
		{2E41B3E0-B2FE-44C4-A6A7-22062421F433}.Release|Any CPU.ActiveCfg = Release|Any CPU
		{2E41B3E0-B2FE-44C4-A6A7-22062421F433}.Release|Any CPU.Build.0 = Release|Any CPU
		{2E41B3E0-B2FE-44C4-A6A7-22062421F433}.Release|x64.ActiveCfg = Release|x64
		{2E41B3E0-B2FE-44C4-A6A7-22062421F433}.Release|x64.Build.0 = Release|x64
		{2E41B3E0-B2FE-44C4-A6A7-22062421F433}.Release|x86.ActiveCfg = Release|x86
		{2E41B3E0-B2FE-44C4-A6A7-22062421F433}.Release|x86.Build.0 = Release|x86
		{65E87E80-8552-448C-87FF-1D631E08AE7B}.Debug|Any CPU.ActiveCfg = Debug|Any CPU
		{65E87E80-8552-448C-87FF-1D631E08AE7B}.Debug|Any CPU.Build.0 = Debug|Any CPU
		{65E87E80-8552-448C-87FF-1D631E08AE7B}.Debug|x64.ActiveCfg = Debug|x64
		{65E87E80-8552-448C-87FF-1D631E08AE7B}.Debug|x64.Build.0 = Debug|x64
		{65E87E80-8552-448C-87FF-1D631E08AE7B}.Debug|x86.ActiveCfg = Debug|x86
		{65E87E80-8552-448C-87FF-1D631E08AE7B}.Debug|x86.Build.0 = Debug|x86
		{65E87E80-8552-448C-87FF-1D631E08AE7B}.Release|Any CPU.ActiveCfg = Release|Any CPU
		{65E87E80-8552-448C-87FF-1D631E08AE7B}.Release|Any CPU.Build.0 = Release|Any CPU
		{65E87E80-8552-448C-87FF-1D631E08AE7B}.Release|x64.ActiveCfg = Release|x64
		{65E87E80-8552-448C-87FF-1D631E08AE7B}.Release|x64.Build.0 = Release|x64
		{65E87E80-8552-448C-87FF-1D631E08AE7B}.Release|x86.ActiveCfg = Release|Any CPU
		{65E87E80-8552-448C-87FF-1D631E08AE7B}.Release|x86.Build.0 = Release|Any CPU
	EndGlobalSection
	GlobalSection(SolutionProperties) = preSolution
		HideSolutionNode = FALSE
	EndGlobalSection
	GlobalSection(ExtensibilityGlobals) = postSolution
		SolutionGuid = {95F085F2-08EC-4EEE-89BE-5C951E20008B}
	EndGlobalSection
EndGlobal
